// !$*UTF8*$!
{
	archiveVersion = 1;
	classes = {
	};
	objectVersion = 55;
	objects = {

/* Begin PBXBuildFile section */
		7A125DC428B63E0C00FACC98 /* WetterAppApp.swift in Sources */ = {isa = PBXBuildFile; fileRef = 7A125DC328B63E0C00FACC98 /* WetterAppApp.swift */; };
		7A125DC628B63E0C00FACC98 /* ContentView.swift in Sources */ = {isa = PBXBuildFile; fileRef = 7A125DC528B63E0C00FACC98 /* ContentView.swift */; };
		7A125DC828B63E0E00FACC98 /* Assets.xcassets in Resources */ = {isa = PBXBuildFile; fileRef = 7A125DC728B63E0E00FACC98 /* Assets.xcassets */; };
		7A125DCB28B63E0E00FACC98 /* Preview Assets.xcassets in Resources */ = {isa = PBXBuildFile; fileRef = 7A125DCA28B63E0E00FACC98 /* Preview Assets.xcassets */; };
		7A2D2DF328B8F45600669956 /* LocationManager.swift in Sources */ = {isa = PBXBuildFile; fileRef = 7A2D2DF228B8F45600669956 /* LocationManager.swift */; };
		7A2D2DF628B8F4AA00669956 /* WelcomeView.swift in Sources */ = {isa = PBXBuildFile; fileRef = 7A2D2DF528B8F4AA00669956 /* WelcomeView.swift */; };
		7A2D2DFA28B8F5A800669956 /* LoadingView.swift in Sources */ = {isa = PBXBuildFile; fileRef = 7A2D2DF928B8F5A800669956 /* LoadingView.swift */; };
		7A2D2DFC28B8F61300669956 /* WeatherManager.swift in Sources */ = {isa = PBXBuildFile; fileRef = 7A2D2DFB28B8F61300669956 /* WeatherManager.swift */; };
		7A2D2DFE28B8F7F900669956 /* WeatherView.swift in Sources */ = {isa = PBXBuildFile; fileRef = 7A2D2DFD28B8F7F900669956 /* WeatherView.swift */; };
		7A2D2E0128B8F82800669956 /* WeatherRow.swift in Sources */ = {isa = PBXBuildFile; fileRef = 7A2D2E0028B8F82800669956 /* WeatherRow.swift */; };
		7A2D2E0328B8F84B00669956 /* Ext.swift in Sources */ = {isa = PBXBuildFile; fileRef = 7A2D2E0228B8F84B00669956 /* Ext.swift */; };
		7A2D2E0528B8F87F00669956 /* ModelData.swift in Sources */ = {isa = PBXBuildFile; fileRef = 7A2D2E0428B8F87F00669956 /* ModelData.swift */; };
/* End PBXBuildFile section */

/* Begin PBXFileReference section */
		7A125DC028B63E0C00FACC98 /* DM Wetter.app */ = {isa = PBXFileReference; explicitFileType = wrapper.application; includeInIndex = 0; path = "DM Wetter.app"; sourceTree = BUILT_PRODUCTS_DIR; };
		7A125DC328B63E0C00FACC98 /* WetterAppApp.swift */ = {isa = PBXFileReference; lastKnownFileType = sourcecode.swift; path = WetterAppApp.swift; sourceTree = "<group>"; };
		7A125DC528B63E0C00FACC98 /* ContentView.swift */ = {isa = PBXFileReference; lastKnownFileType = sourcecode.swift; path = ContentView.swift; sourceTree = "<group>"; };
		7A125DC728B63E0E00FACC98 /* Assets.xcassets */ = {isa = PBXFileReference; lastKnownFileType = folder.assetcatalog; path = Assets.xcassets; sourceTree = "<group>"; };
		7A125DCA28B63E0E00FACC98 /* Preview Assets.xcassets */ = {isa = PBXFileReference; lastKnownFileType = folder.assetcatalog; path = "Preview Assets.xcassets"; sourceTree = "<group>"; };
		7A2D2DF228B8F45600669956 /* LocationManager.swift */ = {isa = PBXFileReference; lastKnownFileType = sourcecode.swift; path = LocationManager.swift; sourceTree = "<group>"; };
		7A2D2DF528B8F4AA00669956 /* WelcomeView.swift */ = {isa = PBXFileReference; lastKnownFileType = sourcecode.swift; path = WelcomeView.swift; sourceTree = "<group>"; };
		7A2D2DF928B8F5A800669956 /* LoadingView.swift */ = {isa = PBXFileReference; lastKnownFileType = sourcecode.swift; path = LoadingView.swift; sourceTree = "<group>"; };
		7A2D2DFB28B8F61300669956 /* WeatherManager.swift */ = {isa = PBXFileReference; lastKnownFileType = sourcecode.swift; path = WeatherManager.swift; sourceTree = "<group>"; };
		7A2D2DFD28B8F7F900669956 /* WeatherView.swift */ = {isa = PBXFileReference; lastKnownFileType = sourcecode.swift; path = WeatherView.swift; sourceTree = "<group>"; };
		7A2D2E0028B8F82800669956 /* WeatherRow.swift */ = {isa = PBXFileReference; lastKnownFileType = sourcecode.swift; path = WeatherRow.swift; sourceTree = "<group>"; };
		7A2D2E0228B8F84B00669956 /* Ext.swift */ = {isa = PBXFileReference; lastKnownFileType = sourcecode.swift; path = Ext.swift; sourceTree = "<group>"; };
		7A2D2E0428B8F87F00669956 /* ModelData.swift */ = {isa = PBXFileReference; lastKnownFileType = sourcecode.swift; path = ModelData.swift; sourceTree = "<group>"; };
		7A2D2E0628B8F8C400669956 /* WeatherData.json */ = {isa = PBXFileReference; lastKnownFileType = text.json; path = WeatherData.json; sourceTree = "<group>"; };
/* End PBXFileReference section */

/* Begin PBXFrameworksBuildPhase section */
		7A125DBD28B63E0C00FACC98 /* Frameworks */ = {
			isa = PBXFrameworksBuildPhase;
			buildActionMask = 2147483647;
			files = (
			);
			runOnlyForDeploymentPostprocessing = 0;
		};
/* End PBXFrameworksBuildPhase section */

/* Begin PBXGroup section */
		7A125DB728B63E0C00FACC98 = {
			isa = PBXGroup;
			children = (
				7A125DC228B63E0C00FACC98 /* WetterApp */,
				7A125DC128B63E0C00FACC98 /* Products */,
			);
			sourceTree = "<group>";
		};
		7A125DC128B63E0C00FACC98 /* Products */ = {
			isa = PBXGroup;
			children = (
				7A125DC028B63E0C00FACC98 /* DM Wetter.app */,
			);
			name = Products;
			sourceTree = "<group>";
		};
		7A125DC228B63E0C00FACC98 /* WetterApp */ = {
			isa = PBXGroup;
			children = (
				7A2D2DFF28B8F81500669956 /* Components */,
				7A2D2DF428B8F49D00669956 /* Views */,
				7A2D2DF128B8F44400669956 /* Manager */,
				7A125DC328B63E0C00FACC98 /* WetterAppApp.swift */,
				7A2D2E0228B8F84B00669956 /* Ext.swift */,
				7A125DC728B63E0E00FACC98 /* Assets.xcassets */,
				7A125DC928B63E0E00FACC98 /* Preview Content */,
			);
			path = WetterApp;
			sourceTree = "<group>";
		};
		7A125DC928B63E0E00FACC98 /* Preview Content */ = {
			isa = PBXGroup;
			children = (
				7A125DCA28B63E0E00FACC98 /* Preview Assets.xcassets */,
				7A2D2E0428B8F87F00669956 /* ModelData.swift */,
				7A2D2E0628B8F8C400669956 /* WeatherData.json */,
			);
			path = "Preview Content";
			sourceTree = "<group>";
		};
		7A2D2DF128B8F44400669956 /* Manager */ = {
			isa = PBXGroup;
			children = (
				7A2D2DF228B8F45600669956 /* LocationManager.swift */,
				7A2D2DFB28B8F61300669956 /* WeatherManager.swift */,
			);
			path = Manager;
			sourceTree = "<group>";
		};
		7A2D2DF428B8F49D00669956 /* Views */ = {
			isa = PBXGroup;
			children = (
				7A125DC528B63E0C00FACC98 /* ContentView.swift */,
				7A2D2DF528B8F4AA00669956 /* WelcomeView.swift */,
				7A2D2DFD28B8F7F900669956 /* WeatherView.swift */,
				7A2D2DF928B8F5A800669956 /* LoadingView.swift */,
			);
			path = Views;
			sourceTree = "<group>";
		};
		7A2D2DFF28B8F81500669956 /* Components */ = {
			isa = PBXGroup;
			children = (
				7A2D2E0028B8F82800669956 /* WeatherRow.swift */,
			);
			path = Components;
			sourceTree = "<group>";
		};
/* End PBXGroup section */

/* Begin PBXNativeTarget section */
		7A125DBF28B63E0C00FACC98 /* WetterApp */ = {
			isa = PBXNativeTarget;
			buildConfigurationList = 7A125DCE28B63E0E00FACC98 /* Build configuration list for PBXNativeTarget "WetterApp" */;
			buildPhases = (
				7A125DBC28B63E0C00FACC98 /* Sources */,
				7A125DBD28B63E0C00FACC98 /* Frameworks */,
				7A125DBE28B63E0C00FACC98 /* Resources */,
			);
			buildRules = (
			);
			dependencies = (
			);
			name = WetterApp;
			productName = WetterApp;
			productReference = 7A125DC028B63E0C00FACC98 /* DM Wetter.app */;
			productType = "com.apple.product-type.application";
		};
/* End PBXNativeTarget section */

/* Begin PBXProject section */
		7A125DB828B63E0C00FACC98 /* Project object */ = {
			isa = PBXProject;
			attributes = {
				BuildIndependentTargetsInParallel = 1;
				LastSwiftUpdateCheck = 1340;
				LastUpgradeCheck = 1340;
				TargetAttributes = {
					7A125DBF28B63E0C00FACC98 = {
						CreatedOnToolsVersion = 13.4.1;
					};
				};
			};
			buildConfigurationList = 7A125DBB28B63E0C00FACC98 /* Build configuration list for PBXProject "WetterApp" */;
			compatibilityVersion = "Xcode 13.0";
			developmentRegion = en;
			hasScannedForEncodings = 0;
			knownRegions = (
				en,
				Base,
			);
			mainGroup = 7A125DB728B63E0C00FACC98;
			productRefGroup = 7A125DC128B63E0C00FACC98 /* Products */;
			projectDirPath = "";
			projectRoot = "";
			targets = (
				7A125DBF28B63E0C00FACC98 /* WetterApp */,
			);
		};
/* End PBXProject section */

/* Begin PBXResourcesBuildPhase section */
		7A125DBE28B63E0C00FACC98 /* Resources */ = {
			isa = PBXResourcesBuildPhase;
			buildActionMask = 2147483647;
			files = (
				7A125DCB28B63E0E00FACC98 /* Preview Assets.xcassets in Resources */,
				7A125DC828B63E0E00FACC98 /* Assets.xcassets in Resources */,
			);
			runOnlyForDeploymentPostprocessing = 0;
		};
/* End PBXResourcesBuildPhase section */

/* Begin PBXSourcesBuildPhase section */
		7A125DBC28B63E0C00FACC98 /* Sources */ = {
			isa = PBXSourcesBuildPhase;
			buildActionMask = 2147483647;
			files = (
				7A2D2DFC28B8F61300669956 /* WeatherManager.swift in Sources */,
				7A125DC628B63E0C00FACC98 /* ContentView.swift in Sources */,
				7A125DC428B63E0C00FACC98 /* WetterAppApp.swift in Sources */,
				7A2D2E0128B8F82800669956 /* WeatherRow.swift in Sources */,
				7A2D2DF328B8F45600669956 /* LocationManager.swift in Sources */,
				7A2D2E0328B8F84B00669956 /* Ext.swift in Sources */,
				7A2D2DFA28B8F5A800669956 /* LoadingView.swift in Sources */,
				7A2D2E0528B8F87F00669956 /* ModelData.swift in Sources */,
				7A2D2DFE28B8F7F900669956 /* WeatherView.swift in Sources */,
				7A2D2DF628B8F4AA00669956 /* WelcomeView.swift in Sources */,
			);
			runOnlyForDeploymentPostprocessing = 0;
		};
/* End PBXSourcesBuildPhase section */

/* Begin XCBuildConfiguration section */
		7A125DCC28B63E0E00FACC98 /* Debug */ = {
			isa = XCBuildConfiguration;
			buildSettings = {
				ALWAYS_SEARCH_USER_PATHS = NO;
				CLANG_ANALYZER_NONNULL = YES;
				CLANG_ANALYZER_NUMBER_OBJECT_CONVERSION = YES_AGGRESSIVE;
				CLANG_CXX_LANGUAGE_STANDARD = "gnu++17";
				CLANG_ENABLE_MODULES = YES;
				CLANG_ENABLE_OBJC_ARC = YES;
				CLANG_ENABLE_OBJC_WEAK = YES;
				CLANG_WARN_BLOCK_CAPTURE_AUTORELEASING = YES;
				CLANG_WARN_BOOL_CONVERSION = YES;
				CLANG_WARN_COMMA = YES;
				CLANG_WARN_CONSTANT_CONVERSION = YES;
				CLANG_WARN_DEPRECATED_OBJC_IMPLEMENTATIONS = YES;
				CLANG_WARN_DIRECT_OBJC_ISA_USAGE = YES_ERROR;
				CLANG_WARN_DOCUMENTATION_COMMENTS = YES;
				CLANG_WARN_EMPTY_BODY = YES;
				CLANG_WARN_ENUM_CONVERSION = YES;
				CLANG_WARN_INFINITE_RECURSION = YES;
				CLANG_WARN_INT_CONVERSION = YES;
				CLANG_WARN_NON_LITERAL_NULL_CONVERSION = YES;
				CLANG_WARN_OBJC_IMPLICIT_RETAIN_SELF = YES;
				CLANG_WARN_OBJC_LITERAL_CONVERSION = YES;
				CLANG_WARN_OBJC_ROOT_CLASS = YES_ERROR;
				CLANG_WARN_QUOTED_INCLUDE_IN_FRAMEWORK_HEADER = YES;
				CLANG_WARN_RANGE_LOOP_ANALYSIS = YES;
				CLANG_WARN_STRICT_PROTOTYPES = YES;
				CLANG_WARN_SUSPICIOUS_MOVE = YES;
				CLANG_WARN_UNGUARDED_AVAILABILITY = YES_AGGRESSIVE;
				CLANG_WARN_UNREACHABLE_CODE = YES;
				CLANG_WARN__DUPLICATE_METHOD_MATCH = YES;
				COPY_PHASE_STRIP = NO;
				DEBUG_INFORMATION_FORMAT = dwarf;
				ENABLE_STRICT_OBJC_MSGSEND = YES;
				ENABLE_TESTABILITY = YES;
				GCC_C_LANGUAGE_STANDARD = gnu11;
				GCC_DYNAMIC_NO_PIC = NO;
				GCC_NO_COMMON_BLOCKS = YES;
				GCC_OPTIMIZATION_LEVEL = 0;
				GCC_PREPROCESSOR_DEFINITIONS = (
					"DEBUG=1",
					"$(inherited)",
				);
				GCC_WARN_64_TO_32_BIT_CONVERSION = YES;
				GCC_WARN_ABOUT_RETURN_TYPE = YES_ERROR;
				GCC_WARN_UNDECLARED_SELECTOR = YES;
				GCC_WARN_UNINITIALIZED_AUTOS = YES_AGGRESSIVE;
				GCC_WARN_UNUSED_FUNCTION = YES;
				GCC_WARN_UNUSED_VARIABLE = YES;
				IPHONEOS_DEPLOYMENT_TARGET = 15.5;
				MTL_ENABLE_DEBUG_INFO = INCLUDE_SOURCE;
				MTL_FAST_MATH = YES;
				ONLY_ACTIVE_ARCH = YES;
				SDKROOT = iphoneos;
				SWIFT_ACTIVE_COMPILATION_CONDITIONS = DEBUG;
				SWIFT_OPTIMIZATION_LEVEL = "-Onone";
			};
			name = Debug;
		};
		7A125DCD28B63E0E00FACC98 /* Release */ = {
			isa = XCBuildConfiguration;
			buildSettings = {
				ALWAYS_SEARCH_USER_PATHS = NO;
				CLANG_ANALYZER_NONNULL = YES;
				CLANG_ANALYZER_NUMBER_OBJECT_CONVERSION = YES_AGGRESSIVE;
				CLANG_CXX_LANGUAGE_STANDARD = "gnu++17";
				CLANG_ENABLE_MODULES = YES;
				CLANG_ENABLE_OBJC_ARC = YES;
				CLANG_ENABLE_OBJC_WEAK = YES;
				CLANG_WARN_BLOCK_CAPTURE_AUTORELEASING = YES;
				CLANG_WARN_BOOL_CONVERSION = YES;
				CLANG_WARN_COMMA = YES;
				CLANG_WARN_CONSTANT_CONVERSION = YES;
				CLANG_WARN_DEPRECATED_OBJC_IMPLEMENTATIONS = YES;
				CLANG_WARN_DIRECT_OBJC_ISA_USAGE = YES_ERROR;
				CLANG_WARN_DOCUMENTATION_COMMENTS = YES;
				CLANG_WARN_EMPTY_BODY = YES;
				CLANG_WARN_ENUM_CONVERSION = YES;
				CLANG_WARN_INFINITE_RECURSION = YES;
				CLANG_WARN_INT_CONVERSION = YES;
				CLANG_WARN_NON_LITERAL_NULL_CONVERSION = YES;
				CLANG_WARN_OBJC_IMPLICIT_RETAIN_SELF = YES;
				CLANG_WARN_OBJC_LITERAL_CONVERSION = YES;
				CLANG_WARN_OBJC_ROOT_CLASS = YES_ERROR;
				CLANG_WARN_QUOTED_INCLUDE_IN_FRAMEWORK_HEADER = YES;
				CLANG_WARN_RANGE_LOOP_ANALYSIS = YES;
				CLANG_WARN_STRICT_PROTOTYPES = YES;
				CLANG_WARN_SUSPICIOUS_MOVE = YES;
				CLANG_WARN_UNGUARDED_AVAILABILITY = YES_AGGRESSIVE;
				CLANG_WARN_UNREACHABLE_CODE = YES;
				CLANG_WARN__DUPLICATE_METHOD_MATCH = YES;
				COPY_PHASE_STRIP = NO;
				DEBUG_INFORMATION_FORMAT = "dwarf-with-dsym";
				ENABLE_NS_ASSERTIONS = NO;
				ENABLE_STRICT_OBJC_MSGSEND = YES;
				GCC_C_LANGUAGE_STANDARD = gnu11;
				GCC_NO_COMMON_BLOCKS = YES;
				GCC_WARN_64_TO_32_BIT_CONVERSION = YES;
				GCC_WARN_ABOUT_RETURN_TYPE = YES_ERROR;
				GCC_WARN_UNDECLARED_SELECTOR = YES;
				GCC_WARN_UNINITIALIZED_AUTOS = YES_AGGRESSIVE;
				GCC_WARN_UNUSED_FUNCTION = YES;
				GCC_WARN_UNUSED_VARIABLE = YES;
				IPHONEOS_DEPLOYMENT_TARGET = 15.5;
				MTL_ENABLE_DEBUG_INFO = NO;
				MTL_FAST_MATH = YES;
				SDKROOT = iphoneos;
				SWIFT_COMPILATION_MODE = wholemodule;
				SWIFT_OPTIMIZATION_LEVEL = "-O";
				VALIDATE_PRODUCT = YES;
			};
			name = Release;
		};
		7A125DCF28B63E0E00FACC98 /* Debug */ = {
			isa = XCBuildConfiguration;
			buildSettings = {
				ASSETCATALOG_COMPILER_APPICON_NAME = AppIcon;
				ASSETCATALOG_COMPILER_GLOBAL_ACCENT_COLOR_NAME = AccentColor;
				CODE_SIGN_STYLE = Automatic;
				CURRENT_PROJECT_VERSION = 1;
				DEVELOPMENT_ASSET_PATHS = "\"WetterApp/Preview Content\"";
				DEVELOPMENT_TEAM = 49LV78S8BG;
				ENABLE_PREVIEWS = YES;
				GENERATE_INFOPLIST_FILE = YES;
				INFOPLIST_KEY_UIApplicationSceneManifest_Generation = YES;
				INFOPLIST_KEY_UIApplicationSupportsIndirectInputEvents = YES;
				INFOPLIST_KEY_UILaunchScreen_Generation = YES;
				INFOPLIST_KEY_UISupportedInterfaceOrientations_iPad = "UIInterfaceOrientationPortrait UIInterfaceOrientationPortraitUpsideDown UIInterfaceOrientationLandscapeLeft UIInterfaceOrientationLandscapeRight";
				INFOPLIST_KEY_UISupportedInterfaceOrientations_iPhone = "UIInterfaceOrientationPortrait UIInterfaceOrientationLandscapeLeft UIInterfaceOrientationLandscapeRight";
				LD_RUNPATH_SEARCH_PATHS = (
					"$(inherited)",
					"@executable_path/Frameworks",
				);
				MARKETING_VERSION = 1.0;
				PRODUCT_BUNDLE_IDENTIFIER = "com.Domenic-Moran.DMWetter";
				PRODUCT_NAME = "DM Wetter";
				SWIFT_EMIT_LOC_STRINGS = YES;
				SWIFT_VERSION = 5.0;
				TARGETED_DEVICE_FAMILY = "1,2";
			};
			name = Debug;
		};
		7A125DD028B63E0E00FACC98 /* Release */ = {
			isa = XCBuildConfiguration;
			buildSettings = {
				ASSETCATALOG_COMPILER_APPICON_NAME = AppIcon;
				ASSETCATALOG_COMPILER_GLOBAL_ACCENT_COLOR_NAME = AccentColor;
				CODE_SIGN_STYLE = Automatic;
				CURRENT_PROJECT_VERSION = 1;
				DEVELOPMENT_ASSET_PATHS = "\"WetterApp/Preview Content\"";
				DEVELOPMENT_TEAM = 49LV78S8BG;
				ENABLE_PREVIEWS = YES;
				GENERATE_INFOPLIST_FILE = YES;
				INFOPLIST_KEY_UIApplicationSceneManifest_Generation = YES;
				INFOPLIST_KEY_UIApplicationSupportsIndirectInputEvents = YES;
				INFOPLIST_KEY_UILaunchScreen_Generation = YES;
				INFOPLIST_KEY_UISupportedInterfaceOrientations_iPad = "UIInterfaceOrientationPortrait UIInterfaceOrientationPortraitUpsideDown UIInterfaceOrientationLandscapeLeft UIInterfaceOrientationLandscapeRight";
				INFOPLIST_KEY_UISupportedInterfaceOrientations_iPhone = "UIInterfaceOrientationPortrait UIInterfaceOrientationLandscapeLeft UIInterfaceOrientationLandscapeRight";
				LD_RUNPATH_SEARCH_PATHS = (
					"$(inherited)",
					"@executable_path/Frameworks",
				);
				MARKETING_VERSION = 1.0;
				PRODUCT_BUNDLE_IDENTIFIER = "com.Domenic-Moran.DMWetter";
				PRODUCT_NAME = "DM Wetter";
				SWIFT_EMIT_LOC_STRINGS = YES;
				SWIFT_VERSION = 5.0;
				TARGETED_DEVICE_FAMILY = "1,2";
			};
			name = Release;
		};
/* End XCBuildConfiguration section */

/* Begin XCConfigurationList section */
		7A125DBB28B63E0C00FACC98 /* Build configuration list for PBXProject "WetterApp" */ = {
			isa = XCConfigurationList;
			buildConfigurations = (
				7A125DCC28B63E0E00FACC98 /* Debug */,
				7A125DCD28B63E0E00FACC98 /* Release */,
			);
			defaultConfigurationIsVisible = 0;
			defaultConfigurationName = Release;
		};
		7A125DCE28B63E0E00FACC98 /* Build configuration list for PBXNativeTarget "WetterApp" */ = {
			isa = XCConfigurationList;
			buildConfigurations = (
				7A125DCF28B63E0E00FACC98 /* Debug */,
				7A125DD028B63E0E00FACC98 /* Release */,
			);
			defaultConfigurationIsVisible = 0;
			defaultConfigurationName = Release;
		};
/* End XCConfigurationList section */
	};
	rootObject = 7A125DB828B63E0C00FACC98 /* Project object */;
}
